
Microsoft Visual Studio Solution File, Format Version 12.00
Project("{FAE04EC0-301F-11D3-BF4B-00C04F79EFBC}") = "labs", "labs\labs.csproj", "{703AE913-097A-4065-9F0B-EE6014A68747}"
EndProject
Project("{FAE04EC0-301F-11D3-BF4B-00C04F79EFBC}") = "files", "files\files.csproj", "{1FEF2991-1C09-4DA1-8760-4D86067C6755}"
EndProject
Global
	GlobalSection(SolutionConfigurationPlatforms) = preSolution
		Debug|Any CPU = Debug|Any CPU
		Release|Any CPU = Release|Any CPU
	EndGlobalSection
	GlobalSection(ProjectConfigurationPlatforms) = postSolution
		{703AE913-097A-4065-9F0B-EE6014A68747}.Debug|Any CPU.ActiveCfg = Debug|Any CPU
		{703AE913-097A-4065-9F0B-EE6014A68747}.Debug|Any CPU.Build.0 = Debug|Any CPU
		{703AE913-097A-4065-9F0B-EE6014A68747}.Release|Any CPU.ActiveCfg = Release|Any CPU
		{703AE913-097A-4065-9F0B-EE6014A68747}.Release|Any CPU.Build.0 = Release|Any CPU
		{1FEF2991-1C09-4DA1-8760-4D86067C6755}.Debug|Any CPU.ActiveCfg = Debug|Any CPU
		{1FEF2991-1C09-4DA1-8760-4D86067C6755}.Debug|Any CPU.Build.0 = Debug|Any CPU
		{1FEF2991-1C09-4DA1-8760-4D86067C6755}.Release|Any CPU.ActiveCfg = Release|Any CPU
		{1FEF2991-1C09-4DA1-8760-4D86067C6755}.Release|Any CPU.Build.0 = Release|Any CPU
	EndGlobalSection
EndGlobal
